// !$*UTF8*$!
{
	archiveVersion = 1;
	classes = {
	};
	objectVersion = 46;
	objects = {

/* Begin PBXBuildFile section */
		D070B12B1C38CE7B002E88D8 /* main.m in Sources */ = {isa = PBXBuildFile; fileRef = D070B12A1C38CE7B002E88D8 /* main.m */; };
		D070B12E1C38CE7B002E88D8 /* AppDelegate.m in Sources */ = {isa = PBXBuildFile; fileRef = D070B12D1C38CE7B002E88D8 /* AppDelegate.m */; };
		D070B1341C38CE7B002E88D8 /* Main.storyboard in Resources */ = {isa = PBXBuildFile; fileRef = D070B1321C38CE7B002E88D8 /* Main.storyboard */; };
		D070B1361C38CE7B002E88D8 /* Assets.xcassets in Resources */ = {isa = PBXBuildFile; fileRef = D070B1351C38CE7B002E88D8 /* Assets.xcassets */; };
		D070B1391C38CE7B002E88D8 /* LaunchScreen.storyboard in Resources */ = {isa = PBXBuildFile; fileRef = D070B1371C38CE7B002E88D8 /* LaunchScreen.storyboard */; };
		D070B1481C39C978002E88D8 /* BlogPost.m in Sources */ = {isa = PBXBuildFile; fileRef = D070B1471C39C978002E88D8 /* BlogPost.m */; };
		D070B14A1C3B039B002E88D8 /* Treehouse-Logo.png in Resources */ = {isa = PBXBuildFile; fileRef = D070B1491C3B039B002E88D8 /* Treehouse-Logo.png */; };
		D0F794B41C3B5EC0002B9F74 /* TableViewController.m in Sources */ = {isa = PBXBuildFile; fileRef = D0F794B31C3B5EC0002B9F74 /* TableViewController.m */; };
		D0F794B71C3B949A002B9F74 /* WebViewController.m in Sources */ = {isa = PBXBuildFile; fileRef = D0F794B61C3B949A002B9F74 /* WebViewController.m */; };
/* End PBXBuildFile section */

/* Begin PBXFileReference section */
		D070B1261C38CE7B002E88D8 /* BlogReader.app */ = {isa = PBXFileReference; explicitFileType = wrapper.application; includeInIndex = 0; path = BlogReader.app; sourceTree = BUILT_PRODUCTS_DIR; };
		D070B12A1C38CE7B002E88D8 /* main.m */ = {isa = PBXFileReference; lastKnownFileType = sourcecode.c.objc; path = main.m; sourceTree = "<group>"; };
		D070B12C1C38CE7B002E88D8 /* AppDelegate.h */ = {isa = PBXFileReference; lastKnownFileType = sourcecode.c.h; path = AppDelegate.h; sourceTree = "<group>"; };
		D070B12D1C38CE7B002E88D8 /* AppDelegate.m */ = {isa = PBXFileReference; lastKnownFileType = sourcecode.c.objc; path = AppDelegate.m; sourceTree = "<group>"; };
		D070B1331C38CE7B002E88D8 /* Base */ = {isa = PBXFileReference; lastKnownFileType = file.storyboard; name = Base; path = Base.lproj/Main.storyboard; sourceTree = "<group>"; };
		D070B1351C38CE7B002E88D8 /* Assets.xcassets */ = {isa = PBXFileReference; lastKnownFileType = folder.assetcatalog; path = Assets.xcassets; sourceTree = "<group>"; };
		D070B1381C38CE7B002E88D8 /* Base */ = {isa = PBXFileReference; lastKnownFileType = file.storyboard; name = Base; path = Base.lproj/LaunchScreen.storyboard; sourceTree = "<group>"; };
		D070B13A1C38CE7B002E88D8 /* Info.plist */ = {isa = PBXFileReference; lastKnownFileType = text.plist.xml; path = Info.plist; sourceTree = "<group>"; };
		D070B1461C39C978002E88D8 /* BlogPost.h */ = {isa = PBXFileReference; fileEncoding = 4; lastKnownFileType = sourcecode.c.h; path = BlogPost.h; sourceTree = "<group>"; };
		D070B1471C39C978002E88D8 /* BlogPost.m */ = {isa = PBXFileReference; fileEncoding = 4; lastKnownFileType = sourcecode.c.objc; path = BlogPost.m; sourceTree = "<group>"; };
		D070B1491C3B039B002E88D8 /* Treehouse-Logo.png */ = {isa = PBXFileReference; lastKnownFileType = image.png; path = "Treehouse-Logo.png"; sourceTree = "<group>"; };
		D0F794B21C3B5EC0002B9F74 /* TableViewController.h */ = {isa = PBXFileReference; fileEncoding = 4; lastKnownFileType = sourcecode.c.h; path = TableViewController.h; sourceTree = "<group>"; };
		D0F794B31C3B5EC0002B9F74 /* TableViewController.m */ = {isa = PBXFileReference; fileEncoding = 4; lastKnownFileType = sourcecode.c.objc; path = TableViewController.m; sourceTree = "<group>"; };
		D0F794B51C3B949A002B9F74 /* WebViewController.h */ = {isa = PBXFileReference; fileEncoding = 4; lastKnownFileType = sourcecode.c.h; path = WebViewController.h; sourceTree = "<group>"; };
		D0F794B61C3B949A002B9F74 /* WebViewController.m */ = {isa = PBXFileReference; fileEncoding = 4; lastKnownFileType = sourcecode.c.objc; path = WebViewController.m; sourceTree = "<group>"; };
/* End PBXFileReference section */

/* Begin PBXFrameworksBuildPhase section */
		D070B1231C38CE7B002E88D8 /* Frameworks */ = {
			isa = PBXFrameworksBuildPhase;
			buildActionMask = 2147483647;
			files = (
			);
			runOnlyForDeploymentPostprocessing = 0;
		};
/* End PBXFrameworksBuildPhase section */

/* Begin PBXGroup section */
		D070B11D1C38CE7B002E88D8 = {
			isa = PBXGroup;
			children = (
				D070B1281C38CE7B002E88D8 /* BlogReader */,
				D070B1271C38CE7B002E88D8 /* Products */,
			);
			sourceTree = "<group>";
		};
		D070B1271C38CE7B002E88D8 /* Products */ = {
			isa = PBXGroup;
			children = (
				D070B1261C38CE7B002E88D8 /* BlogReader.app */,
			);
			name = Products;
			sourceTree = "<group>";
		};
		D070B1281C38CE7B002E88D8 /* BlogReader */ = {
			isa = PBXGroup;
			children = (
				D070B12C1C38CE7B002E88D8 /* AppDelegate.h */,
				D070B12D1C38CE7B002E88D8 /* AppDelegate.m */,
				D0F794B21C3B5EC0002B9F74 /* TableViewController.h */,
				D0F794B31C3B5EC0002B9F74 /* TableViewController.m */,
				D0F794B51C3B949A002B9F74 /* WebViewController.h */,
				D0F794B61C3B949A002B9F74 /* WebViewController.m */,
				D070B1461C39C978002E88D8 /* BlogPost.h */,
				D070B1471C39C978002E88D8 /* BlogPost.m */,
				D070B1321C38CE7B002E88D8 /* Main.storyboard */,
				D070B1351C38CE7B002E88D8 /* Assets.xcassets */,
				D070B1371C38CE7B002E88D8 /* LaunchScreen.storyboard */,
				D070B13A1C38CE7B002E88D8 /* Info.plist */,
				D070B1291C38CE7B002E88D8 /* Supporting Files */,
			);
			path = BlogReader;
			sourceTree = "<group>";
		};
		D070B1291C38CE7B002E88D8 /* Supporting Files */ = {
			isa = PBXGroup;
			children = (
				D070B1491C3B039B002E88D8 /* Treehouse-Logo.png */,
				D070B12A1C38CE7B002E88D8 /* main.m */,
			);
			name = "Supporting Files";
			sourceTree = "<group>";
		};
/* End PBXGroup section */

/* Begin PBXNativeTarget section */
		D070B1251C38CE7B002E88D8 /* BlogReader */ = {
			isa = PBXNativeTarget;
			buildConfigurationList = D070B13D1C38CE7B002E88D8 /* Build configuration list for PBXNativeTarget "BlogReader" */;
			buildPhases = (
				D070B1221C38CE7B002E88D8 /* Sources */,
				D070B1231C38CE7B002E88D8 /* Frameworks */,
				D070B1241C38CE7B002E88D8 /* Resources */,
			);
			buildRules = (
			);
			dependencies = (
			);
			name = BlogReader;
			productName = BlogReader;
			productReference = D070B1261C38CE7B002E88D8 /* BlogReader.app */;
			productType = "com.apple.product-type.application";
		};
/* End PBXNativeTarget section */

/* Begin PBXProject section */
		D070B11E1C38CE7B002E88D8 /* Project object */ = {
			isa = PBXProject;
			attributes = {
				LastUpgradeCheck = 0720;
				ORGANIZATIONNAME = "Thiago Heitling";
				TargetAttributes = {
					D070B1251C38CE7B002E88D8 = {
						CreatedOnToolsVersion = 7.2;
					};
				};
			};
			buildConfigurationList = D070B1211C38CE7B002E88D8 /* Build configuration list for PBXProject "BlogReader" */;
			compatibilityVersion = "Xcode 3.2";
			developmentRegion = English;
			hasScannedForEncodings = 0;
			knownRegions = (
				en,
				Base,
			);
			mainGroup = D070B11D1C38CE7B002E88D8;
			productRefGroup = D070B1271C38CE7B002E88D8 /* Products */;
			projectDirPath = "";
			projectRoot = "";
			targets = (
				D070B1251C38CE7B002E88D8 /* BlogReader */,
			);
		};
/* End PBXProject section */

/* Begin PBXResourcesBuildPhase section */
		D070B1241C38CE7B002E88D8 /* Resources */ = {
			isa = PBXResourcesBuildPhase;
			buildActionMask = 2147483647;
			files = (
				D070B1391C38CE7B002E88D8 /* LaunchScreen.storyboard in Resources */,
				D070B1361C38CE7B002E88D8 /* Assets.xcassets in Resources */,
				D070B1341C38CE7B002E88D8 /* Main.storyboard in Resources */,
				D070B14A1C3B039B002E88D8 /* Treehouse-Logo.png in Resources */,
			);
			runOnlyForDeploymentPostprocessing = 0;
		};
/* End PBXResourcesBuildPhase section */

/* Begin PBXSourcesBuildPhase section */
		D070B1221C38CE7B002E88D8 /* Sources */ = {
			isa = PBXSourcesBuildPhase;
			buildActionMask = 2147483647;
			files = (
				D070B12E1C38CE7B002E88D8 /* AppDelegate.m in Sources */,
				D0F794B71C3B949A002B9F74 /* WebViewController.m in Sources */,
				D070B12B1C38CE7B002E88D8 /* main.m in Sources */,
				D0F794B41C3B5EC0002B9F74 /* TableViewController.m in Sources */,
				D070B1481C39C978002E88D8 /* BlogPost.m in Sources */,
			);
			runOnlyForDeploymentPostprocessing = 0;
		};
/* End PBXSourcesBuildPhase section */

/* Begin PBXVariantGroup section */
		D070B1321C38CE7B002E88D8 /* Main.storyboard */ = {
			isa = PBXVariantGroup;
			children = (
				D070B1331C38CE7B002E88D8 /* Base */,
			);
			name = Main.storyboard;
			sourceTree = "<group>";
		};
		D070B1371C38CE7B002E88D8 /* LaunchScreen.storyboard */ = {
			isa = PBXVariantGroup;
			children = (
				D070B1381C38CE7B002E88D8 /* Base */,
			);
			name = LaunchScreen.storyboard;
			sourceTree = "<group>";
		};
/* End PBXVariantGroup section */

/* Begin XCBuildConfiguration section */
		D070B13B1C38CE7B002E88D8 /* Debug */ = {
			isa = XCBuildConfiguration;
			buildSettings = {
				ALWAYS_SEARCH_USER_PATHS = NO;
				CLANG_CXX_LANGUAGE_STANDARD = "gnu++0x";
				CLANG_CXX_LIBRARY = "libc++";
				CLANG_ENABLE_MODULES = YES;
				CLANG_ENABLE_OBJC_ARC = YES;
				CLANG_WARN_BOOL_CONVERSION = YES;
				CLANG_WARN_CONSTANT_CONVERSION = YES;
				CLANG_WARN_DIRECT_OBJC_ISA_USAGE = YES_ERROR;
				CLANG_WARN_EMPTY_BODY = YES;
				CLANG_WARN_ENUM_CONVERSION = YES;
				CLANG_WARN_INT_CONVERSION = YES;
				CLANG_WARN_OBJC_ROOT_CLASS = YES_ERROR;
				CLANG_WARN_UNREACHABLE_CODE = YES;
				CLANG_WARN__DUPLICATE_METHOD_MATCH = YES;
				"CODE_SIGN_IDENTITY[sdk=iphoneos*]" = "iPhone Developer";
				COPY_PHASE_STRIP = NO;
				DEBUG_INFORMATION_FORMAT = dwarf;
				ENABLE_STRICT_OBJC_MSGSEND = YES;
				ENABLE_TESTABILITY = YES;
				GCC_C_LANGUAGE_STANDARD = gnu99;
				GCC_DYNAMIC_NO_PIC = NO;
				GCC_NO_COMMON_BLOCKS = YES;
				GCC_OPTIMIZATION_LEVEL = 0;
				GCC_PREPROCESSOR_DEFINITIONS = (
					"DEBUG=1",
					"$(inherited)",
				);
				GCC_WARN_64_TO_32_BIT_CONVERSION = YES;
				GCC_WARN_ABOUT_RETURN_TYPE = YES_ERROR;
				GCC_WARN_UNDECLARED_SELECTOR = YES;
				GCC_WARN_UNINITIALIZED_AUTOS = YES_AGGRESSIVE;
				GCC_WARN_UNUSED_FUNCTION = YES;
				GCC_WARN_UNUSED_VARIABLE = YES;
				IPHONEOS_DEPLOYMENT_TARGET = 9.2;
				MTL_ENABLE_DEBUG_INFO = YES;
				ONLY_ACTIVE_ARCH = YES;
				SDKROOT = iphoneos;
			};
			name = Debug;
		};
		D070B13C1C38CE7B002E88D8 /* Release */ = {
			isa = XCBuildConfiguration;
			buildSettings = {
				ALWAYS_SEARCH_USER_PATHS = NO;
				CLANG_CXX_LANGUAGE_STANDARD = "gnu++0x";
				CLANG_CXX_LIBRARY = "libc++";
				CLANG_ENABLE_MODULES = YES;
				CLANG_ENABLE_OBJC_ARC = YES;
				CLANG_WARN_BOOL_CONVERSION = YES;
				CLANG_WARN_CONSTANT_CONVERSION = YES;
				CLANG_WARN_DIRECT_OBJC_ISA_USAGE = YES_ERROR;
				CLANG_WARN_EMPTY_BODY = YES;
				CLANG_WARN_ENUM_CONVERSION = YES;
				CLANG_WARN_INT_CONVERSION = YES;
				CLANG_WARN_OBJC_ROOT_CLASS = YES_ERROR;
				CLANG_WARN_UNREACHABLE_CODE = YES;
				CLANG_WARN__DUPLICATE_METHOD_MATCH = YES;
				"CODE_SIGN_IDENTITY[sdk=iphoneos*]" = "iPhone Developer";
				COPY_PHASE_STRIP = NO;
				DEBUG_INFORMATION_FORMAT = "dwarf-with-dsym";
				ENABLE_NS_ASSERTIONS = NO;
				ENABLE_STRICT_OBJC_MSGSEND = YES;
				GCC_C_LANGUAGE_STANDARD = gnu99;
				GCC_NO_COMMON_BLOCKS = YES;
				GCC_WARN_64_TO_32_BIT_CONVERSION = YES;
				GCC_WARN_ABOUT_RETURN_TYPE = YES_ERROR;
				GCC_WARN_UNDECLARED_SELECTOR = YES;
				GCC_WARN_UNINITIALIZED_AUTOS = YES_AGGRESSIVE;
				GCC_WARN_UNUSED_FUNCTION = YES;
				GCC_WARN_UNUSED_VARIABLE = YES;
				IPHONEOS_DEPLOYMENT_TARGET = 9.2;
				MTL_ENABLE_DEBUG_INFO = NO;
				SDKROOT = iphoneos;
				VALIDATE_PRODUCT = YES;
			};
			name = Release;
		};
		D070B13E1C38CE7B002E88D8 /* Debug */ = {
			isa = XCBuildConfiguration;
			buildSettings = {
				ASSETCATALOG_COMPILER_APPICON_NAME = AppIcon;
				INFOPLIST_FILE = BlogReader/Info.plist;
				LD_RUNPATH_SEARCH_PATHS = "$(inherited) @executable_path/Frameworks";
				PRODUCT_BUNDLE_IDENTIFIER = thiagoheitling.BlogReader;
				PRODUCT_NAME = "$(TARGET_NAME)";
			};
			name = Debug;
		};
		D070B13F1C38CE7B002E88D8 /* Release */ = {
			isa = XCBuildConfiguration;
			buildSettings = {
				ASSETCATALOG_COMPILER_APPICON_NAME = AppIcon;
				INFOPLIST_FILE = BlogReader/Info.plist;
				LD_RUNPATH_SEARCH_PATHS = "$(inherited) @executable_path/Frameworks";
				PRODUCT_BUNDLE_IDENTIFIER = thiagoheitling.BlogReader;
				PRODUCT_NAME = "$(TARGET_NAME)";
			};
			name = Release;
		};
/* End XCBuildConfiguration section */

/* Begin XCConfigurationList section */
		D070B1211C38CE7B002E88D8 /* Build configuration list for PBXProject "BlogReader" */ = {
			isa = XCConfigurationList;
			buildConfigurations = (
				D070B13B1C38CE7B002E88D8 /* Debug */,
				D070B13C1C38CE7B002E88D8 /* Release */,
			);
			defaultConfigurationIsVisible = 0;
			defaultConfigurationName = Release;
		};
		D070B13D1C38CE7B002E88D8 /* Build configuration list for PBXNativeTarget "BlogReader" */ = {
			isa = XCConfigurationList;
			buildConfigurations = (
				D070B13E1C38CE7B002E88D8 /* Debug */,
				D070B13F1C38CE7B002E88D8 /* Release */,
			);
			defaultConfigurationIsVisible = 0;
			defaultConfigurationName = Release;
		};
/* End XCConfigurationList section */
	};
	rootObject = D070B11E1C38CE7B002E88D8 /* Project object */;
}
